lockfileVersion: '9.0'

settings:
  autoInstallPeers: true
  excludeLinksFromLockfile: false

importers:

  .:
    dependencies:
      '@repo/ui':
        specifier: workspace:*
        version: link:../../packages/ui
      lucide-react:
        specifier: ^1.24.0
        version: 1.24.0(react@19.2.7)
      react:
        specifier: ^19.2.0
        version: 19.2.7
    devDependencies:
      '@repo/eslint-config':
        specifier: workspace:*
        version: link:../../packages/eslint-config
      '@repo/typescript-config':
        specifier: workspace:*
        version: link:../../packages/typescript-config

packages:

  lucide-react@1.24.0:
    resolution: {integrity: sha512-YT6mBD8lGKkg4nM39enlm94/sfJIiW0YKUT60fBy4YK8tai31ylg1VhGNWxkpSKHo9UagfnZqwIff3HTDQwXeA==}
    peerDependencies:
      react: ^16.5.1 || ^17.0.0 || ^18.0.0 || ^19.0.0

  react@19.2.7:
    resolution: {integrity: sha512-HNe9WslTbXmFK8o8cmwgAeJFSBvt1bPdHCVKtaaV+WlAN36mpT4hcRpwbf3fY56ar2oIXzsBpOAiIRHAdY0OlQ==}
    engines: {node: '>=0.10.0'}

snapshots:

  lucide-react@1.24.0(react@19.2.7):
    dependencies:
      react: 19.2.7

  react@19.2.7: {}
